
Microsoft Visual Studio Solution File, Format Version 12.00
# Visual Studio 2013
VisualStudioVersion = 12.0.31101.0
MinimumVisualStudioVersion = 10.0.40219.1
Project("{FAE04EC0-301F-11D3-BF4B-00C04F79EFBC}") = "AutomationHelper", "AutomationHelper\AutomationHelper.csproj", "{C791C004-4A84-46DC-8BCB-A31B64887410}"
EndProject
Project("{FAE04EC0-301F-11D3-BF4B-00C04F79EFBC}") = "ScreenSaver", "%ATProSolutionPath%\ScreenSaver\ScreenSaver.csproj", "{AEEAC632-3306-44DB-BA64-357EAF254907}"
EndProject
Project("{FAE04EC0-301F-11D3-BF4B-00C04F79EFBC}") = "PerformanceMonitor", "%ATProSolutionPath%\PerformanceMonitor\PerformanceMonitor.csproj", "{22E01A4D-FD6F-40A7-ABE8-A5C62F93F983}"
EndProject
Project("{FAE04EC0-301F-11D3-BF4B-00C04F79EFBC}") = "ImageFinder", "%ATProSolutionPath%\ImageFinder\ImageFinder.csproj", "{F4EE5756-1CC4-43CE-8950-A200D81FDE1F}"
EndProject
Project("{FAE04EC0-301F-11D3-BF4B-00C04F79EFBC}") = "ChangeResolution", "%ATProSolutionPath%\ChangeResolution\ChangeResolution.csproj", "{E412104B-681F-4071-8D71-59BEF39C9C3D}"
EndProject
Global
	GlobalSection(SolutionConfigurationPlatforms) = preSolution
		Debug|Any CPU = Debug|Any CPU
		Release|Any CPU = Release|Any CPU
	EndGlobalSection
	GlobalSection(ProjectConfigurationPlatforms) = postSolution
		{C791C004-4A84-46DC-8BCB-A31B64887410}.Debug|Any CPU.ActiveCfg = Debug|Any CPU
		{C791C004-4A84-46DC-8BCB-A31B64887410}.Debug|Any CPU.Build.0 = Debug|Any CPU
		{C791C004-4A84-46DC-8BCB-A31B64887410}.Release|Any CPU.ActiveCfg = Release|Any CPU
		{C791C004-4A84-46DC-8BCB-A31B64887410}.Release|Any CPU.Build.0 = Release|Any CPU
		{AEEAC632-3306-44DB-BA64-357EAF254907}.Debug|Any CPU.ActiveCfg = Debug|Any CPU
		{AEEAC632-3306-44DB-BA64-357EAF254907}.Debug|Any CPU.Build.0 = Debug|Any CPU
		{AEEAC632-3306-44DB-BA64-357EAF254907}.Release|Any CPU.ActiveCfg = Release|Any CPU
		{AEEAC632-3306-44DB-BA64-357EAF254907}.Release|Any CPU.Build.0 = Release|Any CPU
		{22E01A4D-FD6F-40A7-ABE8-A5C62F93F983}.Debug|Any CPU.ActiveCfg = Debug|Any CPU
		{22E01A4D-FD6F-40A7-ABE8-A5C62F93F983}.Debug|Any CPU.Build.0 = Debug|Any CPU
		{22E01A4D-FD6F-40A7-ABE8-A5C62F93F983}.Release|Any CPU.ActiveCfg = Release|Any CPU
		{22E01A4D-FD6F-40A7-ABE8-A5C62F93F983}.Release|Any CPU.Build.0 = Release|Any CPU
		{F4EE5756-1CC4-43CE-8950-A200D81FDE1F}.Debug|Any CPU.ActiveCfg = Debug|Any CPU
		{F4EE5756-1CC4-43CE-8950-A200D81FDE1F}.Debug|Any CPU.Build.0 = Debug|Any CPU
		{F4EE5756-1CC4-43CE-8950-A200D81FDE1F}.Release|Any CPU.ActiveCfg = Release|Any CPU
		{F4EE5756-1CC4-43CE-8950-A200D81FDE1F}.Release|Any CPU.Build.0 = Release|Any CPU
		{E412104B-681F-4071-8D71-59BEF39C9C3D}.Debug|Any CPU.ActiveCfg = Debug|Any CPU
		{E412104B-681F-4071-8D71-59BEF39C9C3D}.Debug|Any CPU.Build.0 = Debug|Any CPU
		{E412104B-681F-4071-8D71-59BEF39C9C3D}.Release|Any CPU.ActiveCfg = Release|Any CPU
		{E412104B-681F-4071-8D71-59BEF39C9C3D}.Release|Any CPU.Build.0 = Release|Any CPU
	EndGlobalSection
	GlobalSection(SolutionProperties) = preSolution
		HideSolutionNode = FALSE
	EndGlobalSection
EndGlobal
